<?xml version="1.0" encoding="utf-8"?>
<Project ToolsVersion="4.0" xmlns="http://schemas.microsoft.com/developer/msbuild/2003">
  <ItemGroup>
    <Filter Include="Source Files">
      <UniqueIdentifier>{14ea661c-1e11-446a-9492-d70ed934aa60}</UniqueIdentifier>
      <Extensions>cpp;c;cxx;rc;def;r;odl;idl;hpj;bat</Extensions>
    </Filter>
    <Filter Include="Header Files">
      <UniqueIdentifier>{e0a4bca6-ca1e-4402-ab8b-6ea30d32ea61}</UniqueIdentifier>
      <Extensions>h;hpp;hxx;hm;inl</Extensions>
    </Filter>
    <Filter Include="Resource Files">
      <UniqueIdentifier>{4aa76d9e-3556-460e-8980-f2b1ee030a57}</UniqueIdentifier>
      <Extensions>ico;cur;bmp;dlg;rc2;rct;bin;rgs;gif;jpg;jpeg;jpe</Extensions>
    </Filter>
  </ItemGroup>
  <ItemGroup>
    <ClCompile Include="src\StdAfx.cpp">
      <Filter>Source Files</Filter>
    </ClCompile>
    <ClCompile Include="src\TDAttribMgr.cpp">
      <Filter>Source Files</Filter>
    </ClCompile>
    <ClCompile Include="src\TDAttribute.cpp">
      <Filter>Source Files</Filter>
    </ClCompile>
    <ClCompile Include="src\TDConcept.cpp">
      <Filter>Source Files</Filter>
    </ClCompile>
    <ClCompile Include="src\TDController.cpp">
      <Filter>Source Files</Filter>
    </ClCompile>
    <ClCompile Include="src\TDCut.cpp">
      <Filter>Source Files</Filter>
    </ClCompile>
    <ClCompile Include="src\TDDataMgr.cpp">
      <Filter>Source Files</Filter>
    </ClCompile>
    <ClCompile Include="src\TDEvalMgr.cpp">
      <Filter>Source Files</Filter>
    </ClCompile>
    <ClCompile Include="src\TDMain.cpp">
      <Filter>Source Files</Filter>
    </ClCompile>
    <ClCompile Include="src\TDPartAttrib.cpp">
      <Filter>Source Files</Filter>
    </ClCompile>
    <ClCompile Include="src\TDPartition.cpp">
      <Filter>Source Files</Filter>
    </ClCompile>
    <ClCompile Include="src\TDPartitioner.cpp">
      <Filter>Source Files</Filter>
    </ClCompile>
    <ClCompile Include="src\TDRecord.cpp">
      <Filter>Source Files</Filter>
    </ClCompile>
    <ClCompile Include="src\TDRollbackRec.cpp">
      <Filter>Source Files</Filter>
    </ClCompile>
    <ClCompile Include="src\TDValue.cpp">
      <Filter>Source Files</Filter>
    </ClCompile>
    <ClCompile Include="src\TDVirtualID.cpp">
      <Filter>Source Files</Filter>
    </ClCompile>
    <ClCompile Include="src\TDVirtualMgr.cpp">
      <Filter>Source Files</Filter>
    </ClCompile>
    <ClCompile Include="src\TDVirtualTree.cpp">
      <Filter>Source Files</Filter>
    </ClCompile>
  </ItemGroup>
  <ItemGroup>
    <ResourceCompile Include="src\TDRes.rc">
      <Filter>Source Files</Filter>
    </ResourceCompile>
  </ItemGroup>
  <ItemGroup>
    <ClInclude Include="include\Resource.h">
      <Filter>Header Files</Filter>
    </ClInclude>
    <ClInclude Include="include\StdAfx.h">
      <Filter>Header Files</Filter>
    </ClInclude>
    <ClInclude Include="include\TDAttribMgr.h">
      <Filter>Header Files</Filter>
    </ClInclude>
    <ClInclude Include="include\TDAttribute.h">
      <Filter>Header Files</Filter>
    </ClInclude>
    <ClInclude Include="include\TDConcept.h">
      <Filter>Header Files</Filter>
    </ClInclude>
    <ClInclude Include="include\TDController.h">
      <Filter>Header Files</Filter>
    </ClInclude>
    <ClInclude Include="include\TDCut.h">
      <Filter>Header Files</Filter>
    </ClInclude>
    <ClInclude Include="include\TDDataMgr.h">
      <Filter>Header Files</Filter>
    </ClInclude>
    <ClInclude Include="include\TDDef.hpp">
      <Filter>Header Files</Filter>
    </ClInclude>
    <ClInclude Include="include\TDEvalMgr.h">
      <Filter>Header Files</Filter>
    </ClInclude>
    <ClInclude Include="include\TDMain.h">
      <Filter>Header Files</Filter>
    </ClInclude>
    <ClInclude Include="include\TDPartAttrib.h">
      <Filter>Header Files</Filter>
    </ClInclude>
    <ClInclude Include="include\TDPartition.h">
      <Filter>Header Files</Filter>
    </ClInclude>
    <ClInclude Include="include\TDPartitioner.h">
      <Filter>Header Files</Filter>
    </ClInclude>
    <ClInclude Include="include\TDRecord.h">
      <Filter>Header Files</Filter>
    </ClInclude>
    <ClInclude Include="include\TDRollbackRec.h">
      <Filter>Header Files</Filter>
    </ClInclude>
    <ClInclude Include="include\TDValue.h">
      <Filter>Header Files</Filter>
    </ClInclude>
    <ClInclude Include="include\TDVirtualID.h">
      <Filter>Header Files</Filter>
    </ClInclude>
    <ClInclude Include="include\TDVirtualMgr.h">
      <Filter>Header Files</Filter>
    </ClInclude>
    <ClInclude Include="include\TDVirtualTree.h">
      <Filter>Header Files</Filter>
    </ClInclude>
  </ItemGroup>
  <ItemGroup>
    <None Include="ReadMe.txt" />
  </ItemGroup>
</Project>